
Microsoft Visual Studio Solution File, Format Version 12.00
# Visual Studio Version 17
VisualStudioVersion = 17.4.33110.190
MinimumVisualStudioVersion = 10.0.40219.1
Project("{9A19103F-16F7-4668-BE54-9A1E7A4F7556}") = "DesafioTecnico.API", "DesafioTecnico.API\DesafioTecnico.API.csproj", "{9B5EF940-93CC-4124-BCC1-C2EAF0F6318F}"
EndProject
Project("{FAE04EC0-301F-11D3-BF4B-00C04F79EFBC}") = "DesafioTecnico.Application", "DesafioTecnico.Application\DesafioTecnico.Application.csproj", "{7274FEAB-F4DD-4B4A-9586-E15CB7ECBD6A}"
EndProject
Project("{FAE04EC0-301F-11D3-BF4B-00C04F79EFBC}") = "DesafioTecnico.Infrastructure", "DesafioTecnico.Infrastructure\DesafioTecnico.Infrastructure.csproj", "{277784E2-304C-4872-91D6-1048C37324E6}"
EndProject
Project("{FAE04EC0-301F-11D3-BF4B-00C04F79EFBC}") = "DesafioTecnico.Domain", "DesafioTecnico.Domain\DesafioTecnico.Domain.csproj", "{261947B5-0509-49AC-9C02-BC13EAD91BEF}"
EndProject
Project("{FAE04EC0-301F-11D3-BF4B-00C04F79EFBC}") = "DesafioTecnico.Library", "DesafioTecnico.Library\DesafioTecnico.Library.csproj", "{B9951A94-F70B-4172-8425-6E4443FA0E6A}"
EndProject
Global
	GlobalSection(SolutionConfigurationPlatforms) = preSolution
		Debug|Any CPU = Debug|Any CPU
		Release|Any CPU = Release|Any CPU
	EndGlobalSection
	GlobalSection(ProjectConfigurationPlatforms) = postSolution
		{9B5EF940-93CC-4124-BCC1-C2EAF0F6318F}.Debug|Any CPU.ActiveCfg = Debug|Any CPU
		{9B5EF940-93CC-4124-BCC1-C2EAF0F6318F}.Debug|Any CPU.Build.0 = Debug|Any CPU
		{9B5EF940-93CC-4124-BCC1-C2EAF0F6318F}.Release|Any CPU.ActiveCfg = Release|Any CPU
		{9B5EF940-93CC-4124-BCC1-C2EAF0F6318F}.Release|Any CPU.Build.0 = Release|Any CPU
		{7274FEAB-F4DD-4B4A-9586-E15CB7ECBD6A}.Debug|Any CPU.ActiveCfg = Debug|Any CPU
		{7274FEAB-F4DD-4B4A-9586-E15CB7ECBD6A}.Debug|Any CPU.Build.0 = Debug|Any CPU
		{7274FEAB-F4DD-4B4A-9586-E15CB7ECBD6A}.Release|Any CPU.ActiveCfg = Release|Any CPU
		{7274FEAB-F4DD-4B4A-9586-E15CB7ECBD6A}.Release|Any CPU.Build.0 = Release|Any CPU
		{277784E2-304C-4872-91D6-1048C37324E6}.Debug|Any CPU.ActiveCfg = Debug|Any CPU
		{277784E2-304C-4872-91D6-1048C37324E6}.Debug|Any CPU.Build.0 = Debug|Any CPU
		{277784E2-304C-4872-91D6-1048C37324E6}.Release|Any CPU.ActiveCfg = Release|Any CPU
		{277784E2-304C-4872-91D6-1048C37324E6}.Release|Any CPU.Build.0 = Release|Any CPU
		{261947B5-0509-49AC-9C02-BC13EAD91BEF}.Debug|Any CPU.ActiveCfg = Debug|Any CPU
		{261947B5-0509-49AC-9C02-BC13EAD91BEF}.Debug|Any CPU.Build.0 = Debug|Any CPU
		{261947B5-0509-49AC-9C02-BC13EAD91BEF}.Release|Any CPU.ActiveCfg = Release|Any CPU
		{261947B5-0509-49AC-9C02-BC13EAD91BEF}.Release|Any CPU.Build.0 = Release|Any CPU
		{B9951A94-F70B-4172-8425-6E4443FA0E6A}.Debug|Any CPU.ActiveCfg = Debug|Any CPU
		{B9951A94-F70B-4172-8425-6E4443FA0E6A}.Debug|Any CPU.Build.0 = Debug|Any CPU
		{B9951A94-F70B-4172-8425-6E4443FA0E6A}.Release|Any CPU.ActiveCfg = Release|Any CPU
		{B9951A94-F70B-4172-8425-6E4443FA0E6A}.Release|Any CPU.Build.0 = Release|Any CPU
	EndGlobalSection
	GlobalSection(SolutionProperties) = preSolution
		HideSolutionNode = FALSE
	EndGlobalSection
	GlobalSection(ExtensibilityGlobals) = postSolution
		SolutionGuid = {A58B8C0A-C118-4407-8A28-EDAE0C44F440}
	EndGlobalSection
EndGlobal
